
Microsoft Visual Studio Solution File, Format Version 12.00
# Visual Studio Version 16
VisualStudioVersion = 16.0.30114.105
MinimumVisualStudioVersion = 10.0.40219.1
Project("{FAE04EC0-301F-11D3-BF4B-00C04F79EFBC}") = "ConsoleApp_FinalAnswer", "ConsoleApp_FinalAnswer\ConsoleApp_FinalAnswer.csproj", "{EB902BF9-910A-47E6-8354-E6AC515AA4FE}"
EndProject
Global
	GlobalSection(SolutionConfigurationPlatforms) = preSolution
		Debug|Any CPU = Debug|Any CPU
		Release|Any CPU = Release|Any CPU
	EndGlobalSection
	GlobalSection(ProjectConfigurationPlatforms) = postSolution
		{EB902BF9-910A-47E6-8354-E6AC515AA4FE}.Debug|Any CPU.ActiveCfg = Debug|Any CPU
		{EB902BF9-910A-47E6-8354-E6AC515AA4FE}.Debug|Any CPU.Build.0 = Debug|Any CPU
		{EB902BF9-910A-47E6-8354-E6AC515AA4FE}.Release|Any CPU.ActiveCfg = Release|Any CPU
		{EB902BF9-910A-47E6-8354-E6AC515AA4FE}.Release|Any CPU.Build.0 = Release|Any CPU
	EndGlobalSection
	GlobalSection(SolutionProperties) = preSolution
		HideSolutionNode = FALSE
	EndGlobalSection
	GlobalSection(ExtensibilityGlobals) = postSolution
		SolutionGuid = {E8EEB460-4AE1-48BA-B83D-C5045DAE77AB}
	EndGlobalSection
EndGlobal
